Microsoft Visual Studio Solution File, Format Version 12.00
# Visual Studio Version 17
VisualStudioVersion = 17.5.2.0
MinimumVisualStudioVersion = 10.0.40219.1
Project("{FAE04EC0-301F-11D3-BF4B-00C04F79EFBC}") = "notificationsystem", "notificationsystem\notificationsystem.csproj", "{6CE28862-EB1F-0023-C839-9876CC7DD080}"
EndProject
Global
	GlobalSection(SolutionConfigurationPlatforms) = preSolution
		Debug|Any CPU = Debug|Any CPU
		Release|Any CPU = Release|Any CPU
	EndGlobalSection
	GlobalSection(ProjectConfigurationPlatforms) = postSolution
		{6CE28862-EB1F-0023-C839-9876CC7DD080}.Debug|Any CPU.ActiveCfg = Debug|Any CPU
		{6CE28862-EB1F-0023-C839-9876CC7DD080}.Debug|Any CPU.Build.0 = Debug|Any CPU
		{6CE28862-EB1F-0023-C839-9876CC7DD080}.Release|Any CPU.ActiveCfg = Release|Any CPU
		{6CE28862-EB1F-0023-C839-9876CC7DD080}.Release|Any CPU.Build.0 = Release|Any CPU
	EndGlobalSection
	GlobalSection(SolutionProperties) = preSolution
		HideSolutionNode = FALSE
	EndGlobalSection
	GlobalSection(ExtensibilityGlobals) = postSolution
		SolutionGuid = {0260F910-C4A4-4A32-82E5-002EEA5FD0D2}
	EndGlobalSection
EndGlobal
